// !$*UTF8*$!
{
	archiveVersion = 1;
	classes = {
	};
	objectVersion = 50;
	objects = {

/* Begin PBXBuildFile section */
		AC3E40BC24D08D8800CD735F /* Games.xcdatamodeld in Sources */ = {isa = PBXBuildFile; fileRef = AC3E40BA24D08D8800CD735F /* Games.xcdatamodeld */; };
		AC3E40BE24D08DC800CD735F /* CoreDataContainer.swift in Sources */ = {isa = PBXBuildFile; fileRef = AC3E40BD24D08DC800CD735F /* CoreDataContainer.swift */; };
		AC3E40C424D098E200CD735F /* GameListService.swift in Sources */ = {isa = PBXBuildFile; fileRef = AC3E40C324D098E200CD735F /* GameListService.swift */; };
		AC3E40C624D09E4700CD735F /* CDGame+WrappedValues.swift in Sources */ = {isa = PBXBuildFile; fileRef = AC3E40C524D09E4700CD735F /* CDGame+WrappedValues.swift */; };
		AC445C0724DDCBA9008582FA /* CDGame+CoreDataClass.swift in Sources */ = {isa = PBXBuildFile; fileRef = AC445C0524DDCBA9008582FA /* CDGame+CoreDataClass.swift */; };
		AC445C0824DDCBA9008582FA /* CDGame+CoreDataProperties.swift in Sources */ = {isa = PBXBuildFile; fileRef = AC445C0624DDCBA9008582FA /* CDGame+CoreDataProperties.swift */; };
		ACB4DCA924EB137F00FBA970 /* GameEditView.swift in Sources */ = {isa = PBXBuildFile; fileRef = ACB4DCA824EB137F00FBA970 /* GameEditView.swift */; };
		ACB4DCAB24EB13DF00FBA970 /* GameEditViewModel.swift in Sources */ = {isa = PBXBuildFile; fileRef = ACB4DCAA24EB13DF00FBA970 /* GameEditViewModel.swift */; };
		ACB4DCAD24EB168700FBA970 /* GameEditFactory.swift in Sources */ = {isa = PBXBuildFile; fileRef = ACB4DCAC24EB168700FBA970 /* GameEditFactory.swift */; };
		ACB4DCAF24EB1DB500FBA970 /* GameEditService.swift in Sources */ = {isa = PBXBuildFile; fileRef = ACB4DCAE24EB1DB500FBA970 /* GameEditService.swift */; };
		ACB4DDAB24F05E5900FBA970 /* LazyView.swift in Sources */ = {isa = PBXBuildFile; fileRef = ACB4DDAA24F05E5900FBA970 /* LazyView.swift */; };
		ACB4DDAE24F07C4400FBA970 /* Publisher+Extensions.swift in Sources */ = {isa = PBXBuildFile; fileRef = ACB4DDAD24F07C4400FBA970 /* Publisher+Extensions.swift */; };
		ACBC628324D3557D009DB974 /* GameListRequest.swift in Sources */ = {isa = PBXBuildFile; fileRef = ACBC628224D3557D009DB974 /* GameListRequest.swift */; };
		ACBC629F24D45BA6009DB974 /* GameOperations.swift in Sources */ = {isa = PBXBuildFile; fileRef = ACBC629E24D45BA6009DB974 /* GameOperations.swift */; };
		ACBC62BD24D4A4FC009DB974 /* GameAddService.swift in Sources */ = {isa = PBXBuildFile; fileRef = ACBC62BC24D4A4FC009DB974 /* GameAddService.swift */; };
		ACBC62BF24D4A5C3009DB974 /* GameAddViewModel.swift in Sources */ = {isa = PBXBuildFile; fileRef = ACBC62BE24D4A5C3009DB974 /* GameAddViewModel.swift */; };
		ACBC62C124D4A6B4009DB974 /* GameAddFactory.swift in Sources */ = {isa = PBXBuildFile; fileRef = ACBC62C024D4A6B4009DB974 /* GameAddFactory.swift */; };
		ACBC62C324D4A876009DB974 /* GameListFactory.swift in Sources */ = {isa = PBXBuildFile; fileRef = ACBC62C224D4A876009DB974 /* GameListFactory.swift */; };
		ACBC62DF24D4B503009DB974 /* GameListCell.swift in Sources */ = {isa = PBXBuildFile; fileRef = ACBC62DE24D4B503009DB974 /* GameListCell.swift */; };
		ACC14A2124C73174000E0319 /* AppDelegate.swift in Sources */ = {isa = PBXBuildFile; fileRef = ACC14A2024C73174000E0319 /* AppDelegate.swift */; };
		ACC14A2324C73174000E0319 /* SceneDelegate.swift in Sources */ = {isa = PBXBuildFile; fileRef = ACC14A2224C73174000E0319 /* SceneDelegate.swift */; };
		ACC14A2724C73175000E0319 /* Assets.xcassets in Resources */ = {isa = PBXBuildFile; fileRef = ACC14A2624C73175000E0319 /* Assets.xcassets */; };
		ACC14A2A24C73175000E0319 /* Preview Assets.xcassets in Resources */ = {isa = PBXBuildFile; fileRef = ACC14A2924C73175000E0319 /* Preview Assets.xcassets */; };
		ACC14A2D24C73175000E0319 /* LaunchScreen.storyboard in Resources */ = {isa = PBXBuildFile; fileRef = ACC14A2B24C73175000E0319 /* LaunchScreen.storyboard */; };
		ACC14A5E24C774BA000E0319 /* Game.swift in Sources */ = {isa = PBXBuildFile; fileRef = ACC14A5D24C774BA000E0319 /* Game.swift */; };
		ACC14A6324C77693000E0319 /* GameListView.swift in Sources */ = {isa = PBXBuildFile; fileRef = ACC14A6224C77693000E0319 /* GameListView.swift */; };
		ACFBA46A24CF53CB00D45C2B /* GameListViewModel.swift in Sources */ = {isa = PBXBuildFile; fileRef = ACFBA46924CF53CB00D45C2B /* GameListViewModel.swift */; };
		ACFBA48624CF7BED00D45C2B /* GameAddView.swift in Sources */ = {isa = PBXBuildFile; fileRef = ACFBA48524CF7BED00D45C2B /* GameAddView.swift */; };
/* End PBXBuildFile section */

/* Begin PBXFileReference section */
		AC3E40BB24D08D8800CD735F /* Games.xcdatamodel */ = {isa = PBXFileReference; lastKnownFileType = wrapper.xcdatamodel; path = Games.xcdatamodel; sourceTree = "<group>"; };
		AC3E40BD24D08DC800CD735F /* CoreDataContainer.swift */ = {isa = PBXFileReference; lastKnownFileType = sourcecode.swift; path = CoreDataContainer.swift; sourceTree = "<group>"; };
		AC3E40C324D098E200CD735F /* GameListService.swift */ = {isa = PBXFileReference; lastKnownFileType = sourcecode.swift; path = GameListService.swift; sourceTree = "<group>"; };
		AC3E40C524D09E4700CD735F /* CDGame+WrappedValues.swift */ = {isa = PBXFileReference; lastKnownFileType = sourcecode.swift; path = "CDGame+WrappedValues.swift"; sourceTree = "<group>"; };
		AC445C0524DDCBA9008582FA /* CDGame+CoreDataClass.swift */ = {isa = PBXFileReference; lastKnownFileType = sourcecode.swift; path = "CDGame+CoreDataClass.swift"; sourceTree = "<group>"; };
		AC445C0624DDCBA9008582FA /* CDGame+CoreDataProperties.swift */ = {isa = PBXFileReference; lastKnownFileType = sourcecode.swift; path = "CDGame+CoreDataProperties.swift"; sourceTree = "<group>"; };
		ACB4DCA824EB137F00FBA970 /* GameEditView.swift */ = {isa = PBXFileReference; lastKnownFileType = sourcecode.swift; path = GameEditView.swift; sourceTree = "<group>"; };
		ACB4DCAA24EB13DF00FBA970 /* GameEditViewModel.swift */ = {isa = PBXFileReference; lastKnownFileType = sourcecode.swift; path = GameEditViewModel.swift; sourceTree = "<group>"; };
		ACB4DCAC24EB168700FBA970 /* GameEditFactory.swift */ = {isa = PBXFileReference; lastKnownFileType = sourcecode.swift; path = GameEditFactory.swift; sourceTree = "<group>"; };
		ACB4DCAE24EB1DB500FBA970 /* GameEditService.swift */ = {isa = PBXFileReference; lastKnownFileType = sourcecode.swift; path = GameEditService.swift; sourceTree = "<group>"; };
		ACB4DDAA24F05E5900FBA970 /* LazyView.swift */ = {isa = PBXFileReference; lastKnownFileType = sourcecode.swift; path = LazyView.swift; sourceTree = "<group>"; };
		ACB4DDAD24F07C4400FBA970 /* Publisher+Extensions.swift */ = {isa = PBXFileReference; lastKnownFileType = sourcecode.swift; path = "Publisher+Extensions.swift"; sourceTree = "<group>"; };
		ACBC628224D3557D009DB974 /* GameListRequest.swift */ = {isa = PBXFileReference; lastKnownFileType = sourcecode.swift; path = GameListRequest.swift; sourceTree = "<group>"; };
		ACBC629E24D45BA6009DB974 /* GameOperations.swift */ = {isa = PBXFileReference; lastKnownFileType = sourcecode.swift; path = GameOperations.swift; sourceTree = "<group>"; };
		ACBC62BC24D4A4FC009DB974 /* GameAddService.swift */ = {isa = PBXFileReference; lastKnownFileType = sourcecode.swift; path = GameAddService.swift; sourceTree = "<group>"; };
		ACBC62BE24D4A5C3009DB974 /* GameAddViewModel.swift */ = {isa = PBXFileReference; lastKnownFileType = sourcecode.swift; path = GameAddViewModel.swift; sourceTree = "<group>"; };
		ACBC62C024D4A6B4009DB974 /* GameAddFactory.swift */ = {isa = PBXFileReference; lastKnownFileType = sourcecode.swift; path = GameAddFactory.swift; sourceTree = "<group>"; };
		ACBC62C224D4A876009DB974 /* GameListFactory.swift */ = {isa = PBXFileReference; lastKnownFileType = sourcecode.swift; path = GameListFactory.swift; sourceTree = "<group>"; };
		ACBC62DE24D4B503009DB974 /* GameListCell.swift */ = {isa = PBXFileReference; lastKnownFileType = sourcecode.swift; path = GameListCell.swift; sourceTree = "<group>"; };
		ACC14A1D24C73174000E0319 /* GameList.app */ = {isa = PBXFileReference; explicitFileType = wrapper.application; includeInIndex = 0; path = GameList.app; sourceTree = BUILT_PRODUCTS_DIR; };
		ACC14A2024C73174000E0319 /* AppDelegate.swift */ = {isa = PBXFileReference; lastKnownFileType = sourcecode.swift; path = AppDelegate.swift; sourceTree = "<group>"; };
		ACC14A2224C73174000E0319 /* SceneDelegate.swift */ = {isa = PBXFileReference; lastKnownFileType = sourcecode.swift; path = SceneDelegate.swift; sourceTree = "<group>"; };
		ACC14A2624C73175000E0319 /* Assets.xcassets */ = {isa = PBXFileReference; lastKnownFileType = folder.assetcatalog; path = Assets.xcassets; sourceTree = "<group>"; };
		ACC14A2924C73175000E0319 /* Preview Assets.xcassets */ = {isa = PBXFileReference; lastKnownFileType = folder.assetcatalog; path = "Preview Assets.xcassets"; sourceTree = "<group>"; };
		ACC14A2C24C73175000E0319 /* Base */ = {isa = PBXFileReference; lastKnownFileType = file.storyboard; name = Base; path = Base.lproj/LaunchScreen.storyboard; sourceTree = "<group>"; };
		ACC14A2E24C73175000E0319 /* Info.plist */ = {isa = PBXFileReference; lastKnownFileType = text.plist.xml; path = Info.plist; sourceTree = "<group>"; };
		ACC14A5D24C774BA000E0319 /* Game.swift */ = {isa = PBXFileReference; lastKnownFileType = sourcecode.swift; path = Game.swift; sourceTree = "<group>"; };
		ACC14A6224C77693000E0319 /* GameListView.swift */ = {isa = PBXFileReference; lastKnownFileType = sourcecode.swift; path = GameListView.swift; sourceTree = "<group>"; };
		ACFBA46924CF53CB00D45C2B /* GameListViewModel.swift */ = {isa = PBXFileReference; lastKnownFileType = sourcecode.swift; path = GameListViewModel.swift; sourceTree = "<group>"; };
		ACFBA48524CF7BED00D45C2B /* GameAddView.swift */ = {isa = PBXFileReference; lastKnownFileType = sourcecode.swift; path = GameAddView.swift; sourceTree = "<group>"; };
/* End PBXFileReference section */

/* Begin PBXFrameworksBuildPhase section */
		ACC14A1A24C73174000E0319 /* Frameworks */ = {
			isa = PBXFrameworksBuildPhase;
			buildActionMask = 2147483647;
			files = (
			);
			runOnlyForDeploymentPostprocessing = 0;
		};
/* End PBXFrameworksBuildPhase section */

/* Begin PBXGroup section */
		AC3E40B924D08D6800CD735F /* Coredata */ = {
			isa = PBXGroup;
			children = (
				AC445C0524DDCBA9008582FA /* CDGame+CoreDataClass.swift */,
				AC445C0624DDCBA9008582FA /* CDGame+CoreDataProperties.swift */,
				AC3E40C524D09E4700CD735F /* CDGame+WrappedValues.swift */,
				AC3E40BA24D08D8800CD735F /* Games.xcdatamodeld */,
				AC3E40BD24D08DC800CD735F /* CoreDataContainer.swift */,
				ACBC628224D3557D009DB974 /* GameListRequest.swift */,
				ACBC629E24D45BA6009DB974 /* GameOperations.swift */,
			);
			path = Coredata;
			sourceTree = "<group>";
		};
		ACB4DCA724EB136600FBA970 /* Edit */ = {
			isa = PBXGroup;
			children = (
				ACB4DCA824EB137F00FBA970 /* GameEditView.swift */,
				ACB4DCAA24EB13DF00FBA970 /* GameEditViewModel.swift */,
				ACB4DCAC24EB168700FBA970 /* GameEditFactory.swift */,
				ACB4DCAE24EB1DB500FBA970 /* GameEditService.swift */,
			);
			path = Edit;
			sourceTree = "<group>";
		};
		ACB4DDA924F05E4500FBA970 /* Views */ = {
			isa = PBXGroup;
			children = (
				ACB4DDAA24F05E5900FBA970 /* LazyView.swift */,
			);
			path = Views;
			sourceTree = "<group>";
		};
		ACB4DDAC24F07C3300FBA970 /* Extensions */ = {
			isa = PBXGroup;
			children = (
				ACB4DDAD24F07C4400FBA970 /* Publisher+Extensions.swift */,
			);
			path = Extensions;
			sourceTree = "<group>";
		};
		ACC14A1424C73173000E0319 = {
			isa = PBXGroup;
			children = (
				ACC14A1F24C73174000E0319 /* GameList */,
				ACC14A1E24C73174000E0319 /* Products */,
			);
			sourceTree = "<group>";
		};
		ACC14A1E24C73174000E0319 /* Products */ = {
			isa = PBXGroup;
			children = (
				ACC14A1D24C73174000E0319 /* GameList.app */,
			);
			name = Products;
			sourceTree = "<group>";
		};
		ACC14A1F24C73174000E0319 /* GameList */ = {
			isa = PBXGroup;
			children = (
				ACB4DDAC24F07C3300FBA970 /* Extensions */,
				ACB4DDA924F05E4500FBA970 /* Views */,
				AC3E40B924D08D6800CD735F /* Coredata */,
				ACC14A6024C7767A000E0319 /* Scenes */,
				ACC14A5C24C774AD000E0319 /* Models */,
				ACC14A3424C73349000E0319 /* Start */,
				ACC14A3524C73356000E0319 /* Resources */,
				ACC14A2824C73175000E0319 /* Preview Content */,
			);
			path = GameList;
			sourceTree = "<group>";
		};
		ACC14A2824C73175000E0319 /* Preview Content */ = {
			isa = PBXGroup;
			children = (
				ACC14A2924C73175000E0319 /* Preview Assets.xcassets */,
			);
			path = "Preview Content";
			sourceTree = "<group>";
		};
		ACC14A3424C73349000E0319 /* Start */ = {
			isa = PBXGroup;
			children = (
				ACC14A2024C73174000E0319 /* AppDelegate.swift */,
				ACC14A2224C73174000E0319 /* SceneDelegate.swift */,
			);
			path = Start;
			sourceTree = "<group>";
		};
		ACC14A3524C73356000E0319 /* Resources */ = {
			isa = PBXGroup;
			children = (
				ACC14A2624C73175000E0319 /* Assets.xcassets */,
				ACC14A2B24C73175000E0319 /* LaunchScreen.storyboard */,
				ACC14A2E24C73175000E0319 /* Info.plist */,
			);
			path = Resources;
			sourceTree = "<group>";
		};
		ACC14A5C24C774AD000E0319 /* Models */ = {
			isa = PBXGroup;
			children = (
				ACC14A5D24C774BA000E0319 /* Game.swift */,
			);
			path = Models;
			sourceTree = "<group>";
		};
		ACC14A6024C7767A000E0319 /* Scenes */ = {
			isa = PBXGroup;
			children = (
				ACB4DCA724EB136600FBA970 /* Edit */,
				ACFBA48424CF7BD700D45C2B /* Add */,
				ACC14A6124C77680000E0319 /* List */,
			);
			path = Scenes;
			sourceTree = "<group>";
		};
		ACC14A6124C77680000E0319 /* List */ = {
			isa = PBXGroup;
			children = (
				AC3E40C324D098E200CD735F /* GameListService.swift */,
				ACC14A6224C77693000E0319 /* GameListView.swift */,
				ACFBA46924CF53CB00D45C2B /* GameListViewModel.swift */,
				ACBC62C224D4A876009DB974 /* GameListFactory.swift */,
				ACBC62DE24D4B503009DB974 /* GameListCell.swift */,
			);
			path = List;
			sourceTree = "<group>";
		};
		ACFBA48424CF7BD700D45C2B /* Add */ = {
			isa = PBXGroup;
			children = (
				ACBC62BC24D4A4FC009DB974 /* GameAddService.swift */,
				ACFBA48524CF7BED00D45C2B /* GameAddView.swift */,
				ACBC62BE24D4A5C3009DB974 /* GameAddViewModel.swift */,
				ACBC62C024D4A6B4009DB974 /* GameAddFactory.swift */,
			);
			path = Add;
			sourceTree = "<group>";
		};
/* End PBXGroup section */

/* Begin PBXNativeTarget section */
		ACC14A1C24C73174000E0319 /* GameList */ = {
			isa = PBXNativeTarget;
			buildConfigurationList = ACC14A3124C73175000E0319 /* Build configuration list for PBXNativeTarget "GameList" */;
			buildPhases = (
				ACC14A1924C73174000E0319 /* Sources */,
				ACC14A1A24C73174000E0319 /* Frameworks */,
				ACC14A1B24C73174000E0319 /* Resources */,
			);
			buildRules = (
			);
			dependencies = (
			);
			name = GameList;
			productName = GameList;
			productReference = ACC14A1D24C73174000E0319 /* GameList.app */;
			productType = "com.apple.product-type.application";
		};
/* End PBXNativeTarget section */

/* Begin PBXProject section */
		ACC14A1524C73173000E0319 /* Project object */ = {
			isa = PBXProject;
			attributes = {
				LastSwiftUpdateCheck = 1160;
				LastUpgradeCheck = 1160;
				ORGANIZATIONNAME = "André Cocuroci";
				TargetAttributes = {
					ACC14A1C24C73174000E0319 = {
						CreatedOnToolsVersion = 11.6;
					};
				};
			};
			buildConfigurationList = ACC14A1824C73174000E0319 /* Build configuration list for PBXProject "GameList" */;
			compatibilityVersion = "Xcode 9.3";
			developmentRegion = en;
			hasScannedForEncodings = 0;
			knownRegions = (
				en,
				Base,
			);
			mainGroup = ACC14A1424C73173000E0319;
			productRefGroup = ACC14A1E24C73174000E0319 /* Products */;
			projectDirPath = "";
			projectRoot = "";
			targets = (
				ACC14A1C24C73174000E0319 /* GameList */,
			);
		};
/* End PBXProject section */

/* Begin PBXResourcesBuildPhase section */
		ACC14A1B24C73174000E0319 /* Resources */ = {
			isa = PBXResourcesBuildPhase;
			buildActionMask = 2147483647;
			files = (
				ACC14A2D24C73175000E0319 /* LaunchScreen.storyboard in Resources */,
				ACC14A2A24C73175000E0319 /* Preview Assets.xcassets in Resources */,
				ACC14A2724C73175000E0319 /* Assets.xcassets in Resources */,
			);
			runOnlyForDeploymentPostprocessing = 0;
		};
/* End PBXResourcesBuildPhase section */

/* Begin PBXSourcesBuildPhase section */
		ACC14A1924C73174000E0319 /* Sources */ = {
			isa = PBXSourcesBuildPhase;
			buildActionMask = 2147483647;
			files = (
				ACC14A2124C73174000E0319 /* AppDelegate.swift in Sources */,
				ACC14A2324C73174000E0319 /* SceneDelegate.swift in Sources */,
				ACBC62BD24D4A4FC009DB974 /* GameAddService.swift in Sources */,
				AC3E40C424D098E200CD735F /* GameListService.swift in Sources */,
				ACBC629F24D45BA6009DB974 /* GameOperations.swift in Sources */,
				ACFBA46A24CF53CB00D45C2B /* GameListViewModel.swift in Sources */,
				ACBC62BF24D4A5C3009DB974 /* GameAddViewModel.swift in Sources */,
				ACC14A6324C77693000E0319 /* GameListView.swift in Sources */,
				ACB4DCAD24EB168700FBA970 /* GameEditFactory.swift in Sources */,
				AC3E40BE24D08DC800CD735F /* CoreDataContainer.swift in Sources */,
				AC445C0824DDCBA9008582FA /* CDGame+CoreDataProperties.swift in Sources */,
				ACBC628324D3557D009DB974 /* GameListRequest.swift in Sources */,
				ACB4DDAB24F05E5900FBA970 /* LazyView.swift in Sources */,
				ACC14A5E24C774BA000E0319 /* Game.swift in Sources */,
				ACB4DCA924EB137F00FBA970 /* GameEditView.swift in Sources */,
				ACBC62C324D4A876009DB974 /* GameListFactory.swift in Sources */,
				ACB4DCAB24EB13DF00FBA970 /* GameEditViewModel.swift in Sources */,
				AC445C0724DDCBA9008582FA /* CDGame+CoreDataClass.swift in Sources */,
				ACFBA48624CF7BED00D45C2B /* GameAddView.swift in Sources */,
				AC3E40BC24D08D8800CD735F /* Games.xcdatamodeld in Sources */,
				ACBC62C124D4A6B4009DB974 /* GameAddFactory.swift in Sources */,
				AC3E40C624D09E4700CD735F /* CDGame+WrappedValues.swift in Sources */,
				ACBC62DF24D4B503009DB974 /* GameListCell.swift in Sources */,
				ACB4DCAF24EB1DB500FBA970 /* GameEditService.swift in Sources */,
				ACB4DDAE24F07C4400FBA970 /* Publisher+Extensions.swift in Sources */,
			);
			runOnlyForDeploymentPostprocessing = 0;
		};
/* End PBXSourcesBuildPhase section */

/* Begin PBXVariantGroup section */
		ACC14A2B24C73175000E0319 /* LaunchScreen.storyboard */ = {
			isa = PBXVariantGroup;
			children = (
				ACC14A2C24C73175000E0319 /* Base */,
			);
			name = LaunchScreen.storyboard;
			sourceTree = "<group>";
		};
/* End PBXVariantGroup section */

/* Begin XCBuildConfiguration section */
		ACC14A2F24C73175000E0319 /* Debug */ = {
			isa = XCBuildConfiguration;
			buildSettings = {
				ALWAYS_SEARCH_USER_PATHS = NO;
				CLANG_ANALYZER_NONNULL = YES;
				CLANG_ANALYZER_NUMBER_OBJECT_CONVERSION = YES_AGGRESSIVE;
				CLANG_CXX_LANGUAGE_STANDARD = "gnu++14";
				CLANG_CXX_LIBRARY = "libc++";
				CLANG_ENABLE_MODULES = YES;
				CLANG_ENABLE_OBJC_ARC = YES;
				CLANG_ENABLE_OBJC_WEAK = YES;
				CLANG_WARN_BLOCK_CAPTURE_AUTORELEASING = YES;
				CLANG_WARN_BOOL_CONVERSION = YES;
				CLANG_WARN_COMMA = YES;
				CLANG_WARN_CONSTANT_CONVERSION = YES;
				CLANG_WARN_DEPRECATED_OBJC_IMPLEMENTATIONS = YES;
				CLANG_WARN_DIRECT_OBJC_ISA_USAGE = YES_ERROR;
				CLANG_WARN_DOCUMENTATION_COMMENTS = YES;
				CLANG_WARN_EMPTY_BODY = YES;
				CLANG_WARN_ENUM_CONVERSION = YES;
				CLANG_WARN_INFINITE_RECURSION = YES;
				CLANG_WARN_INT_CONVERSION = YES;
				CLANG_WARN_NON_LITERAL_NULL_CONVERSION = YES;
				CLANG_WARN_OBJC_IMPLICIT_RETAIN_SELF = YES;
				CLANG_WARN_OBJC_LITERAL_CONVERSION = YES;
				CLANG_WARN_OBJC_ROOT_CLASS = YES_ERROR;
				CLANG_WARN_RANGE_LOOP_ANALYSIS = YES;
				CLANG_WARN_STRICT_PROTOTYPES = YES;
				CLANG_WARN_SUSPICIOUS_MOVE = YES;
				CLANG_WARN_UNGUARDED_AVAILABILITY = YES_AGGRESSIVE;
				CLANG_WARN_UNREACHABLE_CODE = YES;
				CLANG_WARN__DUPLICATE_METHOD_MATCH = YES;
				COPY_PHASE_STRIP = NO;
				DEBUG_INFORMATION_FORMAT = dwarf;
				ENABLE_STRICT_OBJC_MSGSEND = YES;
				ENABLE_TESTABILITY = YES;
				GCC_C_LANGUAGE_STANDARD = gnu11;
				GCC_DYNAMIC_NO_PIC = NO;
				GCC_NO_COMMON_BLOCKS = YES;
				GCC_OPTIMIZATION_LEVEL = 0;
				GCC_PREPROCESSOR_DEFINITIONS = (
					"DEBUG=1",
					"$(inherited)",
				);
				GCC_WARN_64_TO_32_BIT_CONVERSION = YES;
				GCC_WARN_ABOUT_RETURN_TYPE = YES_ERROR;
				GCC_WARN_UNDECLARED_SELECTOR = YES;
				GCC_WARN_UNINITIALIZED_AUTOS = YES_AGGRESSIVE;
				GCC_WARN_UNUSED_FUNCTION = YES;
				GCC_WARN_UNUSED_VARIABLE = YES;
				IPHONEOS_DEPLOYMENT_TARGET = 13.6;
				MTL_ENABLE_DEBUG_INFO = INCLUDE_SOURCE;
				MTL_FAST_MATH = YES;
				ONLY_ACTIVE_ARCH = YES;
				SDKROOT = iphoneos;
				SWIFT_ACTIVE_COMPILATION_CONDITIONS = DEBUG;
				SWIFT_OPTIMIZATION_LEVEL = "-Onone";
			};
			name = Debug;
		};
		ACC14A3024C73175000E0319 /* Release */ = {
			isa = XCBuildConfiguration;
			buildSettings = {
				ALWAYS_SEARCH_USER_PATHS = NO;
				CLANG_ANALYZER_NONNULL = YES;
				CLANG_ANALYZER_NUMBER_OBJECT_CONVERSION = YES_AGGRESSIVE;
				CLANG_CXX_LANGUAGE_STANDARD = "gnu++14";
				CLANG_CXX_LIBRARY = "libc++";
				CLANG_ENABLE_MODULES = YES;
				CLANG_ENABLE_OBJC_ARC = YES;
				CLANG_ENABLE_OBJC_WEAK = YES;
				CLANG_WARN_BLOCK_CAPTURE_AUTORELEASING = YES;
				CLANG_WARN_BOOL_CONVERSION = YES;
				CLANG_WARN_COMMA = YES;
				CLANG_WARN_CONSTANT_CONVERSION = YES;
				CLANG_WARN_DEPRECATED_OBJC_IMPLEMENTATIONS = YES;
				CLANG_WARN_DIRECT_OBJC_ISA_USAGE = YES_ERROR;
				CLANG_WARN_DOCUMENTATION_COMMENTS = YES;
				CLANG_WARN_EMPTY_BODY = YES;
				CLANG_WARN_ENUM_CONVERSION = YES;
				CLANG_WARN_INFINITE_RECURSION = YES;
				CLANG_WARN_INT_CONVERSION = YES;
				CLANG_WARN_NON_LITERAL_NULL_CONVERSION = YES;
				CLANG_WARN_OBJC_IMPLICIT_RETAIN_SELF = YES;
				CLANG_WARN_OBJC_LITERAL_CONVERSION = YES;
				CLANG_WARN_OBJC_ROOT_CLASS = YES_ERROR;
				CLANG_WARN_RANGE_LOOP_ANALYSIS = YES;
				CLANG_WARN_STRICT_PROTOTYPES = YES;
				CLANG_WARN_SUSPICIOUS_MOVE = YES;
				CLANG_WARN_UNGUARDED_AVAILABILITY = YES_AGGRESSIVE;
				CLANG_WARN_UNREACHABLE_CODE = YES;
				CLANG_WARN__DUPLICATE_METHOD_MATCH = YES;
				COPY_PHASE_STRIP = NO;
				DEBUG_INFORMATION_FORMAT = "dwarf-with-dsym";
				ENABLE_NS_ASSERTIONS = NO;
				ENABLE_STRICT_OBJC_MSGSEND = YES;
				GCC_C_LANGUAGE_STANDARD = gnu11;
				GCC_NO_COMMON_BLOCKS = YES;
				GCC_WARN_64_TO_32_BIT_CONVERSION = YES;
				GCC_WARN_ABOUT_RETURN_TYPE = YES_ERROR;
				GCC_WARN_UNDECLARED_SELECTOR = YES;
				GCC_WARN_UNINITIALIZED_AUTOS = YES_AGGRESSIVE;
				GCC_WARN_UNUSED_FUNCTION = YES;
				GCC_WARN_UNUSED_VARIABLE = YES;
				IPHONEOS_DEPLOYMENT_TARGET = 13.6;
				MTL_ENABLE_DEBUG_INFO = NO;
				MTL_FAST_MATH = YES;
				SDKROOT = iphoneos;
				SWIFT_COMPILATION_MODE = wholemodule;
				SWIFT_OPTIMIZATION_LEVEL = "-O";
				VALIDATE_PRODUCT = YES;
			};
			name = Release;
		};
		ACC14A3224C73175000E0319 /* Debug */ = {
			isa = XCBuildConfiguration;
			buildSettings = {
				ASSETCATALOG_COMPILER_APPICON_NAME = AppIcon;
				CODE_SIGN_IDENTITY = "Apple Development";
				CODE_SIGN_STYLE = Automatic;
				DEVELOPMENT_ASSET_PATHS = "\"GameList/Preview Content\"";
				DEVELOPMENT_TEAM = 6C5T8R9RNX;
				ENABLE_PREVIEWS = YES;
				INFOPLIST_FILE = GameList/Resources/Info.plist;
				LD_RUNPATH_SEARCH_PATHS = (
					"$(inherited)",
					"@executable_path/Frameworks",
				);
				PRODUCT_BUNDLE_IDENTIFIER = br.com.dev.andrecocuroci.GameList;
				PRODUCT_NAME = "$(TARGET_NAME)";
				PROVISIONING_PROFILE_SPECIFIER = "";
				SWIFT_VERSION = 5.0;
				TARGETED_DEVICE_FAMILY = 1;
			};
			name = Debug;
		};
		ACC14A3324C73175000E0319 /* Release */ = {
			isa = XCBuildConfiguration;
			buildSettings = {
				ASSETCATALOG_COMPILER_APPICON_NAME = AppIcon;
				CODE_SIGN_IDENTITY = "Apple Development";
				CODE_SIGN_STYLE = Automatic;
				DEVELOPMENT_ASSET_PATHS = "\"GameList/Preview Content\"";
				DEVELOPMENT_TEAM = 6C5T8R9RNX;
				ENABLE_PREVIEWS = YES;
				INFOPLIST_FILE = GameList/Resources/Info.plist;
				LD_RUNPATH_SEARCH_PATHS = (
					"$(inherited)",
					"@executable_path/Frameworks",
				);
				PRODUCT_BUNDLE_IDENTIFIER = br.com.dev.andrecocuroci.GameList;
				PRODUCT_NAME = "$(TARGET_NAME)";
				PROVISIONING_PROFILE_SPECIFIER = "";
				SWIFT_VERSION = 5.0;
				TARGETED_DEVICE_FAMILY = 1;
			};
			name = Release;
		};
/* End XCBuildConfiguration section */

/* Begin XCConfigurationList section */
		ACC14A1824C73174000E0319 /* Build configuration list for PBXProject "GameList" */ = {
			isa = XCConfigurationList;
			buildConfigurations = (
				ACC14A2F24C73175000E0319 /* Debug */,
				ACC14A3024C73175000E0319 /* Release */,
			);
			defaultConfigurationIsVisible = 0;
			defaultConfigurationName = Release;
		};
		ACC14A3124C73175000E0319 /* Build configuration list for PBXNativeTarget "GameList" */ = {
			isa = XCConfigurationList;
			buildConfigurations = (
				ACC14A3224C73175000E0319 /* Debug */,
				ACC14A3324C73175000E0319 /* Release */,
			);
			defaultConfigurationIsVisible = 0;
			defaultConfigurationName = Release;
		};
/* End XCConfigurationList section */

/* Begin XCVersionGroup section */
		AC3E40BA24D08D8800CD735F /* Games.xcdatamodeld */ = {
			isa = XCVersionGroup;
			children = (
				AC3E40BB24D08D8800CD735F /* Games.xcdatamodel */,
			);
			currentVersion = AC3E40BB24D08D8800CD735F /* Games.xcdatamodel */;
			path = Games.xcdatamodeld;
			sourceTree = "<group>";
			versionGroupType = wrapper.xcdatamodel;
		};
/* End XCVersionGroup section */
	};
	rootObject = ACC14A1524C73173000E0319 /* Project object */;
}
